// !$*UTF8*$!
{
	archiveVersion = 1;
	classes = {
	};
	objectVersion = 55;
	objects = {

/* Begin PBXBuildFile section */
		29FFF7DDFEFCE8A9CEE9DD8A /* Pods_RxSwift_MVVM.framework in Frameworks */ = {isa = PBXBuildFile; fileRef = 80935B5F2636C6609B694D49 /* Pods_RxSwift_MVVM.framework */; };
		BC78E77E283604300035BB1E /* AppCoordinator.swift in Sources */ = {isa = PBXBuildFile; fileRef = BC78E77D283604300035BB1E /* AppCoordinator.swift */; };
		BC78E78028360B1B0035BB1E /* my_json.json in Resources */ = {isa = PBXBuildFile; fileRef = BC78E77F28360B1B0035BB1E /* my_json.json */; };
		BC78E78228360E210035BB1E /* Weather.swift in Sources */ = {isa = PBXBuildFile; fileRef = BC78E78128360E210035BB1E /* Weather.swift */; };
		BC78E78428360EAB0035BB1E /* DataService.swift in Sources */ = {isa = PBXBuildFile; fileRef = BC78E78328360EAB0035BB1E /* DataService.swift */; };
		BC78E786283616260035BB1E /* WeatherListViewModel.swift in Sources */ = {isa = PBXBuildFile; fileRef = BC78E785283616260035BB1E /* WeatherListViewModel.swift */; };
		BC78E788283617CA0035BB1E /* WeatherViewModel.swift in Sources */ = {isa = PBXBuildFile; fileRef = BC78E787283617CA0035BB1E /* WeatherViewModel.swift */; };
		BC78E78A283647810035BB1E /* MyCell.swift in Sources */ = {isa = PBXBuildFile; fileRef = BC78E789283647810035BB1E /* MyCell.swift */; };
		BCCD0D2C2835FEC7004B1C9D /* AppDelegate.swift in Sources */ = {isa = PBXBuildFile; fileRef = BCCD0D2B2835FEC7004B1C9D /* AppDelegate.swift */; };
		BCCD0D2E2835FEC7004B1C9D /* SceneDelegate.swift in Sources */ = {isa = PBXBuildFile; fileRef = BCCD0D2D2835FEC7004B1C9D /* SceneDelegate.swift */; };
		BCCD0D302835FEC7004B1C9D /* ViewController.swift in Sources */ = {isa = PBXBuildFile; fileRef = BCCD0D2F2835FEC7004B1C9D /* ViewController.swift */; };
		BCCD0D332835FEC7004B1C9D /* Main.storyboard in Resources */ = {isa = PBXBuildFile; fileRef = BCCD0D312835FEC7004B1C9D /* Main.storyboard */; };
		BCCD0D352835FEC9004B1C9D /* Assets.xcassets in Resources */ = {isa = PBXBuildFile; fileRef = BCCD0D342835FEC9004B1C9D /* Assets.xcassets */; };
		BCCD0D382835FEC9004B1C9D /* LaunchScreen.storyboard in Resources */ = {isa = PBXBuildFile; fileRef = BCCD0D362835FEC9004B1C9D /* LaunchScreen.storyboard */; };
/* End PBXBuildFile section */

/* Begin PBXFileReference section */
		6BD8E28E5A14E5C95B14697A /* Pods-RxSwift-MVVM.release.xcconfig */ = {isa = PBXFileReference; includeInIndex = 1; lastKnownFileType = text.xcconfig; name = "Pods-RxSwift-MVVM.release.xcconfig"; path = "Target Support Files/Pods-RxSwift-MVVM/Pods-RxSwift-MVVM.release.xcconfig"; sourceTree = "<group>"; };
		80935B5F2636C6609B694D49 /* Pods_RxSwift_MVVM.framework */ = {isa = PBXFileReference; explicitFileType = wrapper.framework; includeInIndex = 0; path = Pods_RxSwift_MVVM.framework; sourceTree = BUILT_PRODUCTS_DIR; };
		8B4A3FD6E194700B4D73731C /* Pods-RxSwift-MVVM.debug.xcconfig */ = {isa = PBXFileReference; includeInIndex = 1; lastKnownFileType = text.xcconfig; name = "Pods-RxSwift-MVVM.debug.xcconfig"; path = "Target Support Files/Pods-RxSwift-MVVM/Pods-RxSwift-MVVM.debug.xcconfig"; sourceTree = "<group>"; };
		BC78E77D283604300035BB1E /* AppCoordinator.swift */ = {isa = PBXFileReference; lastKnownFileType = sourcecode.swift; path = AppCoordinator.swift; sourceTree = "<group>"; };
		BC78E77F28360B1B0035BB1E /* my_json.json */ = {isa = PBXFileReference; lastKnownFileType = text.json; path = my_json.json; sourceTree = "<group>"; };
		BC78E78128360E210035BB1E /* Weather.swift */ = {isa = PBXFileReference; lastKnownFileType = sourcecode.swift; path = Weather.swift; sourceTree = "<group>"; };
		BC78E78328360EAB0035BB1E /* DataService.swift */ = {isa = PBXFileReference; lastKnownFileType = sourcecode.swift; path = DataService.swift; sourceTree = "<group>"; };
		BC78E785283616260035BB1E /* WeatherListViewModel.swift */ = {isa = PBXFileReference; lastKnownFileType = sourcecode.swift; path = WeatherListViewModel.swift; sourceTree = "<group>"; };
		BC78E787283617CA0035BB1E /* WeatherViewModel.swift */ = {isa = PBXFileReference; lastKnownFileType = sourcecode.swift; path = WeatherViewModel.swift; sourceTree = "<group>"; };
		BC78E789283647810035BB1E /* MyCell.swift */ = {isa = PBXFileReference; lastKnownFileType = sourcecode.swift; path = MyCell.swift; sourceTree = "<group>"; };
		BCCD0D282835FEC7004B1C9D /* RxSwift-MVVM.app */ = {isa = PBXFileReference; explicitFileType = wrapper.application; includeInIndex = 0; path = "RxSwift-MVVM.app"; sourceTree = BUILT_PRODUCTS_DIR; };
		BCCD0D2B2835FEC7004B1C9D /* AppDelegate.swift */ = {isa = PBXFileReference; lastKnownFileType = sourcecode.swift; path = AppDelegate.swift; sourceTree = "<group>"; };
		BCCD0D2D2835FEC7004B1C9D /* SceneDelegate.swift */ = {isa = PBXFileReference; lastKnownFileType = sourcecode.swift; path = SceneDelegate.swift; sourceTree = "<group>"; };
		BCCD0D2F2835FEC7004B1C9D /* ViewController.swift */ = {isa = PBXFileReference; lastKnownFileType = sourcecode.swift; path = ViewController.swift; sourceTree = "<group>"; };
		BCCD0D322835FEC7004B1C9D /* Base */ = {isa = PBXFileReference; lastKnownFileType = file.storyboard; name = Base; path = Base.lproj/Main.storyboard; sourceTree = "<group>"; };
		BCCD0D342835FEC9004B1C9D /* Assets.xcassets */ = {isa = PBXFileReference; lastKnownFileType = folder.assetcatalog; path = Assets.xcassets; sourceTree = "<group>"; };
		BCCD0D372835FEC9004B1C9D /* Base */ = {isa = PBXFileReference; lastKnownFileType = file.storyboard; name = Base; path = Base.lproj/LaunchScreen.storyboard; sourceTree = "<group>"; };
		BCCD0D392835FEC9004B1C9D /* Info.plist */ = {isa = PBXFileReference; lastKnownFileType = text.plist.xml; path = Info.plist; sourceTree = "<group>"; };
/* End PBXFileReference section */

/* Begin PBXFrameworksBuildPhase section */
		BCCD0D252835FEC7004B1C9D /* Frameworks */ = {
			isa = PBXFrameworksBuildPhase;
			buildActionMask = 2147483647;
			files = (
				29FFF7DDFEFCE8A9CEE9DD8A /* Pods_RxSwift_MVVM.framework in Frameworks */,
			);
			runOnlyForDeploymentPostprocessing = 0;
		};
/* End PBXFrameworksBuildPhase section */

/* Begin PBXGroup section */
		9380D8AD77AFD8F4512E069E /* Pods */ = {
			isa = PBXGroup;
			children = (
				8B4A3FD6E194700B4D73731C /* Pods-RxSwift-MVVM.debug.xcconfig */,
				6BD8E28E5A14E5C95B14697A /* Pods-RxSwift-MVVM.release.xcconfig */,
			);
			path = Pods;
			sourceTree = "<group>";
		};
		BC78E78B283653F20035BB1E /* Views */ = {
			isa = PBXGroup;
			children = (
				BCCD0D312835FEC7004B1C9D /* Main.storyboard */,
				BC78E789283647810035BB1E /* MyCell.swift */,
			);
			path = Views;
			sourceTree = "<group>";
		};
		BC78E78C2836543A0035BB1E /* Models */ = {
			isa = PBXGroup;
			children = (
				BC78E78128360E210035BB1E /* Weather.swift */,
			);
			path = Models;
			sourceTree = "<group>";
		};
		BC78E78D2836545B0035BB1E /* Services */ = {
			isa = PBXGroup;
			children = (
				BC78E78328360EAB0035BB1E /* DataService.swift */,
			);
			path = Services;
			sourceTree = "<group>";
		};
		BC78E78E283654A70035BB1E /* Resources */ = {
			isa = PBXGroup;
			children = (
				BCCD0D342835FEC9004B1C9D /* Assets.xcassets */,
				BC78E77F28360B1B0035BB1E /* my_json.json */,
			);
			path = Resources;
			sourceTree = "<group>";
		};
		BC78E790283655DD0035BB1E /* ViewModels */ = {
			isa = PBXGroup;
			children = (
				BC78E785283616260035BB1E /* WeatherListViewModel.swift */,
				BC78E787283617CA0035BB1E /* WeatherViewModel.swift */,
			);
			path = ViewModels;
			sourceTree = "<group>";
		};
		BCCD0D1F2835FEC7004B1C9D = {
			isa = PBXGroup;
			children = (
				BCCD0D2A2835FEC7004B1C9D /* RxSwift-MVVM */,
				BCCD0D292835FEC7004B1C9D /* Products */,
				9380D8AD77AFD8F4512E069E /* Pods */,
				E832AFF67CBCB64C5E77062D /* Frameworks */,
			);
			sourceTree = "<group>";
		};
		BCCD0D292835FEC7004B1C9D /* Products */ = {
			isa = PBXGroup;
			children = (
				BCCD0D282835FEC7004B1C9D /* RxSwift-MVVM.app */,
			);
			name = Products;
			sourceTree = "<group>";
		};
		BCCD0D2A2835FEC7004B1C9D /* RxSwift-MVVM */ = {
			isa = PBXGroup;
			children = (
				BCCD0D2B2835FEC7004B1C9D /* AppDelegate.swift */,
				BCCD0D2D2835FEC7004B1C9D /* SceneDelegate.swift */,
				BC78E77D283604300035BB1E /* AppCoordinator.swift */,
				BCCD0D2F2835FEC7004B1C9D /* ViewController.swift */,
				BCCD0D362835FEC9004B1C9D /* LaunchScreen.storyboard */,
				BCCD0D392835FEC9004B1C9D /* Info.plist */,
				BC78E78E283654A70035BB1E /* Resources */,
				BC78E78D2836545B0035BB1E /* Services */,
				BC78E78C2836543A0035BB1E /* Models */,
				BC78E78B283653F20035BB1E /* Views */,
				BC78E790283655DD0035BB1E /* ViewModels */,
			);
			path = "RxSwift-MVVM";
			sourceTree = "<group>";
		};
		E832AFF67CBCB64C5E77062D /* Frameworks */ = {
			isa = PBXGroup;
			children = (
				80935B5F2636C6609B694D49 /* Pods_RxSwift_MVVM.framework */,
			);
			name = Frameworks;
			sourceTree = "<group>";
		};
/* End PBXGroup section */

/* Begin PBXNativeTarget section */
		BCCD0D272835FEC7004B1C9D /* RxSwift-MVVM */ = {
			isa = PBXNativeTarget;
			buildConfigurationList = BCCD0D3C2835FEC9004B1C9D /* Build configuration list for PBXNativeTarget "RxSwift-MVVM" */;
			buildPhases = (
				B098CBC1CEAF53951C42E3FF /* [CP] Check Pods Manifest.lock */,
				BCCD0D242835FEC7004B1C9D /* Sources */,
				BCCD0D252835FEC7004B1C9D /* Frameworks */,
				BCCD0D262835FEC7004B1C9D /* Resources */,
				601A2633039621680F854107 /* [CP] Embed Pods Frameworks */,
			);
			buildRules = (
			);
			dependencies = (
			);
			name = "RxSwift-MVVM";
			productName = "RxSwift-MVVM";
			productReference = BCCD0D282835FEC7004B1C9D /* RxSwift-MVVM.app */;
			productType = "com.apple.product-type.application";
		};
/* End PBXNativeTarget section */

/* Begin PBXProject section */
		BCCD0D202835FEC7004B1C9D /* Project object */ = {
			isa = PBXProject;
			attributes = {
				BuildIndependentTargetsInParallel = 1;
				LastSwiftUpdateCheck = 1330;
				LastUpgradeCheck = 1330;
				TargetAttributes = {
					BCCD0D272835FEC7004B1C9D = {
						CreatedOnToolsVersion = 13.3.1;
					};
				};
			};
			buildConfigurationList = BCCD0D232835FEC7004B1C9D /* Build configuration list for PBXProject "RxSwift-MVVM" */;
			compatibilityVersion = "Xcode 13.0";
			developmentRegion = en;
			hasScannedForEncodings = 0;
			knownRegions = (
				en,
				Base,
			);
			mainGroup = BCCD0D1F2835FEC7004B1C9D;
			productRefGroup = BCCD0D292835FEC7004B1C9D /* Products */;
			projectDirPath = "";
			projectRoot = "";
			targets = (
				BCCD0D272835FEC7004B1C9D /* RxSwift-MVVM */,
			);
		};
/* End PBXProject section */

/* Begin PBXResourcesBuildPhase section */
		BCCD0D262835FEC7004B1C9D /* Resources */ = {
			isa = PBXResourcesBuildPhase;
			buildActionMask = 2147483647;
			files = (
				BCCD0D382835FEC9004B1C9D /* LaunchScreen.storyboard in Resources */,
				BCCD0D352835FEC9004B1C9D /* Assets.xcassets in Resources */,
				BCCD0D332835FEC7004B1C9D /* Main.storyboard in Resources */,
				BC78E78028360B1B0035BB1E /* my_json.json in Resources */,
			);
			runOnlyForDeploymentPostprocessing = 0;
		};
/* End PBXResourcesBuildPhase section */

/* Begin PBXShellScriptBuildPhase section */
		601A2633039621680F854107 /* [CP] Embed Pods Frameworks */ = {
			isa = PBXShellScriptBuildPhase;
			buildActionMask = 2147483647;
			files = (
			);
			inputFileListPaths = (
				"${PODS_ROOT}/Target Support Files/Pods-RxSwift-MVVM/Pods-RxSwift-MVVM-frameworks-${CONFIGURATION}-input-files.xcfilelist",
			);
			name = "[CP] Embed Pods Frameworks";
			outputFileListPaths = (
				"${PODS_ROOT}/Target Support Files/Pods-RxSwift-MVVM/Pods-RxSwift-MVVM-frameworks-${CONFIGURATION}-output-files.xcfilelist",
			);
			runOnlyForDeploymentPostprocessing = 0;
			shellPath = /bin/sh;
			shellScript = "\"${PODS_ROOT}/Target Support Files/Pods-RxSwift-MVVM/Pods-RxSwift-MVVM-frameworks.sh\"\n";
			showEnvVarsInLog = 0;
		};
		B098CBC1CEAF53951C42E3FF /* [CP] Check Pods Manifest.lock */ = {
			isa = PBXShellScriptBuildPhase;
			buildActionMask = 2147483647;
			files = (
			);
			inputFileListPaths = (
			);
			inputPaths = (
				"${PODS_PODFILE_DIR_PATH}/Podfile.lock",
				"${PODS_ROOT}/Manifest.lock",
			);
			name = "[CP] Check Pods Manifest.lock";
			outputFileListPaths = (
			);
			outputPaths = (
				"$(DERIVED_FILE_DIR)/Pods-RxSwift-MVVM-checkManifestLockResult.txt",
			);
			runOnlyForDeploymentPostprocessing = 0;
			shellPath = /bin/sh;
			shellScript = "diff \"${PODS_PODFILE_DIR_PATH}/Podfile.lock\" \"${PODS_ROOT}/Manifest.lock\" > /dev/null\nif [ $? != 0 ] ; then\n    # print error to STDERR\n    echo \"error: The sandbox is not in sync with the Podfile.lock. Run 'pod install' or update your CocoaPods installation.\" >&2\n    exit 1\nfi\n# This output is used by Xcode 'outputs' to avoid re-running this script phase.\necho \"SUCCESS\" > \"${SCRIPT_OUTPUT_FILE_0}\"\n";
			showEnvVarsInLog = 0;
		};
/* End PBXShellScriptBuildPhase section */

/* Begin PBXSourcesBuildPhase section */
		BCCD0D242835FEC7004B1C9D /* Sources */ = {
			isa = PBXSourcesBuildPhase;
			buildActionMask = 2147483647;
			files = (
				BC78E77E283604300035BB1E /* AppCoordinator.swift in Sources */,
				BCCD0D302835FEC7004B1C9D /* ViewController.swift in Sources */,
				BCCD0D2C2835FEC7004B1C9D /* AppDelegate.swift in Sources */,
				BC78E786283616260035BB1E /* WeatherListViewModel.swift in Sources */,
				BC78E78428360EAB0035BB1E /* DataService.swift in Sources */,
				BC78E788283617CA0035BB1E /* WeatherViewModel.swift in Sources */,
				BC78E78A283647810035BB1E /* MyCell.swift in Sources */,
				BCCD0D2E2835FEC7004B1C9D /* SceneDelegate.swift in Sources */,
				BC78E78228360E210035BB1E /* Weather.swift in Sources */,
			);
			runOnlyForDeploymentPostprocessing = 0;
		};
/* End PBXSourcesBuildPhase section */

/* Begin PBXVariantGroup section */
		BCCD0D312835FEC7004B1C9D /* Main.storyboard */ = {
			isa = PBXVariantGroup;
			children = (
				BCCD0D322835FEC7004B1C9D /* Base */,
			);
			name = Main.storyboard;
			sourceTree = "<group>";
		};
		BCCD0D362835FEC9004B1C9D /* LaunchScreen.storyboard */ = {
			isa = PBXVariantGroup;
			children = (
				BCCD0D372835FEC9004B1C9D /* Base */,
			);
			name = LaunchScreen.storyboard;
			sourceTree = "<group>";
		};
/* End PBXVariantGroup section */

/* Begin XCBuildConfiguration section */
		BCCD0D3A2835FEC9004B1C9D /* Debug */ = {
			isa = XCBuildConfiguration;
			buildSettings = {
				ALWAYS_SEARCH_USER_PATHS = NO;
				CLANG_ANALYZER_NONNULL = YES;
				CLANG_ANALYZER_NUMBER_OBJECT_CONVERSION = YES_AGGRESSIVE;
				CLANG_CXX_LANGUAGE_STANDARD = "gnu++17";
				CLANG_ENABLE_MODULES = YES;
				CLANG_ENABLE_OBJC_ARC = YES;
				CLANG_ENABLE_OBJC_WEAK = YES;
				CLANG_WARN_BLOCK_CAPTURE_AUTORELEASING = YES;
				CLANG_WARN_BOOL_CONVERSION = YES;
				CLANG_WARN_COMMA = YES;
				CLANG_WARN_CONSTANT_CONVERSION = YES;
				CLANG_WARN_DEPRECATED_OBJC_IMPLEMENTATIONS = YES;
				CLANG_WARN_DIRECT_OBJC_ISA_USAGE = YES_ERROR;
				CLANG_WARN_DOCUMENTATION_COMMENTS = YES;
				CLANG_WARN_EMPTY_BODY = YES;
				CLANG_WARN_ENUM_CONVERSION = YES;
				CLANG_WARN_INFINITE_RECURSION = YES;
				CLANG_WARN_INT_CONVERSION = YES;
				CLANG_WARN_NON_LITERAL_NULL_CONVERSION = YES;
				CLANG_WARN_OBJC_IMPLICIT_RETAIN_SELF = YES;
				CLANG_WARN_OBJC_LITERAL_CONVERSION = YES;
				CLANG_WARN_OBJC_ROOT_CLASS = YES_ERROR;
				CLANG_WARN_QUOTED_INCLUDE_IN_FRAMEWORK_HEADER = YES;
				CLANG_WARN_RANGE_LOOP_ANALYSIS = YES;
				CLANG_WARN_STRICT_PROTOTYPES = YES;
				CLANG_WARN_SUSPICIOUS_MOVE = YES;
				CLANG_WARN_UNGUARDED_AVAILABILITY = YES_AGGRESSIVE;
				CLANG_WARN_UNREACHABLE_CODE = YES;
				CLANG_WARN__DUPLICATE_METHOD_MATCH = YES;
				COPY_PHASE_STRIP = NO;
				DEBUG_INFORMATION_FORMAT = dwarf;
				ENABLE_STRICT_OBJC_MSGSEND = YES;
				ENABLE_TESTABILITY = YES;
				GCC_C_LANGUAGE_STANDARD = gnu11;
				GCC_DYNAMIC_NO_PIC = NO;
				GCC_NO_COMMON_BLOCKS = YES;
				GCC_OPTIMIZATION_LEVEL = 0;
				GCC_PREPROCESSOR_DEFINITIONS = (
					"DEBUG=1",
					"$(inherited)",
				);
				GCC_WARN_64_TO_32_BIT_CONVERSION = YES;
				GCC_WARN_ABOUT_RETURN_TYPE = YES_ERROR;
				GCC_WARN_UNDECLARED_SELECTOR = YES;
				GCC_WARN_UNINITIALIZED_AUTOS = YES_AGGRESSIVE;
				GCC_WARN_UNUSED_FUNCTION = YES;
				GCC_WARN_UNUSED_VARIABLE = YES;
				IPHONEOS_DEPLOYMENT_TARGET = 15.4;
				MTL_ENABLE_DEBUG_INFO = INCLUDE_SOURCE;
				MTL_FAST_MATH = YES;
				ONLY_ACTIVE_ARCH = YES;
				SDKROOT = iphoneos;
				SWIFT_ACTIVE_COMPILATION_CONDITIONS = DEBUG;
				SWIFT_OPTIMIZATION_LEVEL = "-Onone";
			};
			name = Debug;
		};
		BCCD0D3B2835FEC9004B1C9D /* Release */ = {
			isa = XCBuildConfiguration;
			buildSettings = {
				ALWAYS_SEARCH_USER_PATHS = NO;
				CLANG_ANALYZER_NONNULL = YES;
				CLANG_ANALYZER_NUMBER_OBJECT_CONVERSION = YES_AGGRESSIVE;
				CLANG_CXX_LANGUAGE_STANDARD = "gnu++17";
				CLANG_ENABLE_MODULES = YES;
				CLANG_ENABLE_OBJC_ARC = YES;
				CLANG_ENABLE_OBJC_WEAK = YES;
				CLANG_WARN_BLOCK_CAPTURE_AUTORELEASING = YES;
				CLANG_WARN_BOOL_CONVERSION = YES;
				CLANG_WARN_COMMA = YES;
				CLANG_WARN_CONSTANT_CONVERSION = YES;
				CLANG_WARN_DEPRECATED_OBJC_IMPLEMENTATIONS = YES;
				CLANG_WARN_DIRECT_OBJC_ISA_USAGE = YES_ERROR;
				CLANG_WARN_DOCUMENTATION_COMMENTS = YES;
				CLANG_WARN_EMPTY_BODY = YES;
				CLANG_WARN_ENUM_CONVERSION = YES;
				CLANG_WARN_INFINITE_RECURSION = YES;
				CLANG_WARN_INT_CONVERSION = YES;
				CLANG_WARN_NON_LITERAL_NULL_CONVERSION = YES;
				CLANG_WARN_OBJC_IMPLICIT_RETAIN_SELF = YES;
				CLANG_WARN_OBJC_LITERAL_CONVERSION = YES;
				CLANG_WARN_OBJC_ROOT_CLASS = YES_ERROR;
				CLANG_WARN_QUOTED_INCLUDE_IN_FRAMEWORK_HEADER = YES;
				CLANG_WARN_RANGE_LOOP_ANALYSIS = YES;
				CLANG_WARN_STRICT_PROTOTYPES = YES;
				CLANG_WARN_SUSPICIOUS_MOVE = YES;
				CLANG_WARN_UNGUARDED_AVAILABILITY = YES_AGGRESSIVE;
				CLANG_WARN_UNREACHABLE_CODE = YES;
				CLANG_WARN__DUPLICATE_METHOD_MATCH = YES;
				COPY_PHASE_STRIP = NO;
				DEBUG_INFORMATION_FORMAT = "dwarf-with-dsym";
				ENABLE_NS_ASSERTIONS = NO;
				ENABLE_STRICT_OBJC_MSGSEND = YES;
				GCC_C_LANGUAGE_STANDARD = gnu11;
				GCC_NO_COMMON_BLOCKS = YES;
				GCC_WARN_64_TO_32_BIT_CONVERSION = YES;
				GCC_WARN_ABOUT_RETURN_TYPE = YES_ERROR;
				GCC_WARN_UNDECLARED_SELECTOR = YES;
				GCC_WARN_UNINITIALIZED_AUTOS = YES_AGGRESSIVE;
				GCC_WARN_UNUSED_FUNCTION = YES;
				GCC_WARN_UNUSED_VARIABLE = YES;
				IPHONEOS_DEPLOYMENT_TARGET = 15.4;
				MTL_ENABLE_DEBUG_INFO = NO;
				MTL_FAST_MATH = YES;
				SDKROOT = iphoneos;
				SWIFT_COMPILATION_MODE = wholemodule;
				SWIFT_OPTIMIZATION_LEVEL = "-O";
				VALIDATE_PRODUCT = YES;
			};
			name = Release;
		};
		BCCD0D3D2835FEC9004B1C9D /* Debug */ = {
			isa = XCBuildConfiguration;
			baseConfigurationReference = 8B4A3FD6E194700B4D73731C /* Pods-RxSwift-MVVM.debug.xcconfig */;
			buildSettings = {
				ASSETCATALOG_COMPILER_APPICON_NAME = AppIcon;
				ASSETCATALOG_COMPILER_GLOBAL_ACCENT_COLOR_NAME = AccentColor;
				CODE_SIGN_STYLE = Automatic;
				CURRENT_PROJECT_VERSION = 1;
				GENERATE_INFOPLIST_FILE = YES;
				INFOPLIST_FILE = "RxSwift-MVVM/Info.plist";
				INFOPLIST_KEY_UIApplicationSupportsIndirectInputEvents = YES;
				INFOPLIST_KEY_UILaunchStoryboardName = LaunchScreen;
				INFOPLIST_KEY_UIMainStoryboardFile = Main;
				INFOPLIST_KEY_UISupportedInterfaceOrientations_iPad = "UIInterfaceOrientationPortrait UIInterfaceOrientationPortraitUpsideDown UIInterfaceOrientationLandscapeLeft UIInterfaceOrientationLandscapeRight";
				INFOPLIST_KEY_UISupportedInterfaceOrientations_iPhone = "UIInterfaceOrientationPortrait UIInterfaceOrientationLandscapeLeft UIInterfaceOrientationLandscapeRight";
				LD_RUNPATH_SEARCH_PATHS = (
					"$(inherited)",
					"@executable_path/Frameworks",
				);
				MARKETING_VERSION = 1.0;
				PRODUCT_BUNDLE_IDENTIFIER = "com.kaltech.RxSwift-MVVM";
				PRODUCT_NAME = "$(TARGET_NAME)";
				SWIFT_EMIT_LOC_STRINGS = YES;
				SWIFT_VERSION = 5.0;
				TARGETED_DEVICE_FAMILY = "1,2";
			};
			name = Debug;
		};
		BCCD0D3E2835FEC9004B1C9D /* Release */ = {
			isa = XCBuildConfiguration;
			baseConfigurationReference = 6BD8E28E5A14E5C95B14697A /* Pods-RxSwift-MVVM.release.xcconfig */;
			buildSettings = {
				ASSETCATALOG_COMPILER_APPICON_NAME = AppIcon;
				ASSETCATALOG_COMPILER_GLOBAL_ACCENT_COLOR_NAME = AccentColor;
				CODE_SIGN_STYLE = Automatic;
				CURRENT_PROJECT_VERSION = 1;
				GENERATE_INFOPLIST_FILE = YES;
				INFOPLIST_FILE = "RxSwift-MVVM/Info.plist";
				INFOPLIST_KEY_UIApplicationSupportsIndirectInputEvents = YES;
				INFOPLIST_KEY_UILaunchStoryboardName = LaunchScreen;
				INFOPLIST_KEY_UIMainStoryboardFile = Main;
				INFOPLIST_KEY_UISupportedInterfaceOrientations_iPad = "UIInterfaceOrientationPortrait UIInterfaceOrientationPortraitUpsideDown UIInterfaceOrientationLandscapeLeft UIInterfaceOrientationLandscapeRight";
				INFOPLIST_KEY_UISupportedInterfaceOrientations_iPhone = "UIInterfaceOrientationPortrait UIInterfaceOrientationLandscapeLeft UIInterfaceOrientationLandscapeRight";
				LD_RUNPATH_SEARCH_PATHS = (
					"$(inherited)",
					"@executable_path/Frameworks",
				);
				MARKETING_VERSION = 1.0;
				PRODUCT_BUNDLE_IDENTIFIER = "com.kaltech.RxSwift-MVVM";
				PRODUCT_NAME = "$(TARGET_NAME)";
				SWIFT_EMIT_LOC_STRINGS = YES;
				SWIFT_VERSION = 5.0;
				TARGETED_DEVICE_FAMILY = "1,2";
			};
			name = Release;
		};
/* End XCBuildConfiguration section */

/* Begin XCConfigurationList section */
		BCCD0D232835FEC7004B1C9D /* Build configuration list for PBXProject "RxSwift-MVVM" */ = {
			isa = XCConfigurationList;
			buildConfigurations = (
				BCCD0D3A2835FEC9004B1C9D /* Debug */,
				BCCD0D3B2835FEC9004B1C9D /* Release */,
			);
			defaultConfigurationIsVisible = 0;
			defaultConfigurationName = Release;
		};
		BCCD0D3C2835FEC9004B1C9D /* Build configuration list for PBXNativeTarget "RxSwift-MVVM" */ = {
			isa = XCConfigurationList;
			buildConfigurations = (
				BCCD0D3D2835FEC9004B1C9D /* Debug */,
				BCCD0D3E2835FEC9004B1C9D /* Release */,
			);
			defaultConfigurationIsVisible = 0;
			defaultConfigurationName = Release;
		};
/* End XCConfigurationList section */
	};
	rootObject = BCCD0D202835FEC7004B1C9D /* Project object */;
}
